
Microsoft Visual Studio Solution File, Format Version 12.00
# Visual Studio Version 17
VisualStudioVersion = 17.3.32901.215
MinimumVisualStudioVersion = 10.0.40219.1
Project("{FAE04EC0-301F-11D3-BF4B-00C04F79EFBC}") = "Bibliotek", "Bibliotek.csproj", "{F06FAC14-6433-4172-9778-946AF7EAE405}"
EndProject
Global
	GlobalSection(SolutionConfigurationPlatforms) = preSolution
		Debug|Any CPU = Debug|Any CPU
		Release|Any CPU = Release|Any CPU
	EndGlobalSection
	GlobalSection(ProjectConfigurationPlatforms) = postSolution
		{F06FAC14-6433-4172-9778-946AF7EAE405}.Debug|Any CPU.ActiveCfg = Debug|Any CPU
		{F06FAC14-6433-4172-9778-946AF7EAE405}.Debug|Any CPU.Build.0 = Debug|Any CPU
		{F06FAC14-6433-4172-9778-946AF7EAE405}.Release|Any CPU.ActiveCfg = Release|Any CPU
		{F06FAC14-6433-4172-9778-946AF7EAE405}.Release|Any CPU.Build.0 = Release|Any CPU
	EndGlobalSection
	GlobalSection(SolutionProperties) = preSolution
		HideSolutionNode = FALSE
	EndGlobalSection
	GlobalSection(ExtensibilityGlobals) = postSolution
		SolutionGuid = {7BF64A9F-B266-4B6A-98CE-85691E643BDA}
	EndGlobalSection
EndGlobal
